
Microsoft Visual Studio Solution File, Format Version 12.00
# Visual Studio 15
VisualStudioVersion = 15.0.27130.0
MinimumVisualStudioVersion = 10.0.40219.1
Project("{FAE04EC0-301F-11D3-BF4B-00C04F79EFBC}") = "BitPay", "BitPay\BitPay.csproj", "{D88A49C3-0280-4320-B120-AE519B2DB219}"
EndProject
Project("{FAE04EC0-301F-11D3-BF4B-00C04F79EFBC}") = "CryptoTest", "CryptoTest\CryptoTest.csproj", "{8F12639A-0A81-46A1-AFFA-7384005F0718}"
EndProject
Global
	GlobalSection(SolutionConfigurationPlatforms) = preSolution
		Debug|Any CPU = Debug|Any CPU
		Release|Any CPU = Release|Any CPU
	EndGlobalSection
	GlobalSection(ProjectConfigurationPlatforms) = postSolution
		{D88A49C3-0280-4320-B120-AE519B2DB219}.Debug|Any CPU.ActiveCfg = Debug|Any CPU
		{D88A49C3-0280-4320-B120-AE519B2DB219}.Debug|Any CPU.Build.0 = Debug|Any CPU
		{D88A49C3-0280-4320-B120-AE519B2DB219}.Release|Any CPU.ActiveCfg = Release|Any CPU
		{D88A49C3-0280-4320-B120-AE519B2DB219}.Release|Any CPU.Build.0 = Release|Any CPU
		{8F12639A-0A81-46A1-AFFA-7384005F0718}.Debug|Any CPU.ActiveCfg = Debug|Any CPU
		{8F12639A-0A81-46A1-AFFA-7384005F0718}.Debug|Any CPU.Build.0 = Debug|Any CPU
		{8F12639A-0A81-46A1-AFFA-7384005F0718}.Release|Any CPU.ActiveCfg = Release|Any CPU
		{8F12639A-0A81-46A1-AFFA-7384005F0718}.Release|Any CPU.Build.0 = Release|Any CPU
	EndGlobalSection
	GlobalSection(SolutionProperties) = preSolution
		HideSolutionNode = FALSE
	EndGlobalSection
	GlobalSection(ExtensibilityGlobals) = postSolution
		SolutionGuid = {8C880806-6150-45B7-BF28-C86BE66F0387}
	EndGlobalSection
EndGlobal
